// !$*UTF8*$!
{
	archiveVersion = 1;
	classes = {
	};
	objectVersion = 56;
	objects = {

/* Begin PBXBuildFile section */
		6375B0992C78D67D00458DD0 /* AuthLoginApp.swift in Sources */ = {isa = PBXBuildFile; fileRef = 6375B0982C78D67D00458DD0 /* AuthLoginApp.swift */; };
		6375B09B2C78D67D00458DD0 /* ContentView.swift in Sources */ = {isa = PBXBuildFile; fileRef = 6375B09A2C78D67D00458DD0 /* ContentView.swift */; };
		6375B09D2C78D67E00458DD0 /* Assets.xcassets in Resources */ = {isa = PBXBuildFile; fileRef = 6375B09C2C78D67E00458DD0 /* Assets.xcassets */; };
		6375B0A02C78D67E00458DD0 /* Preview Assets.xcassets in Resources */ = {isa = PBXBuildFile; fileRef = 6375B09F2C78D67E00458DD0 /* Preview Assets.xcassets */; };
		6375B0AA2C78D67E00458DD0 /* AuthLoginTests.swift in Sources */ = {isa = PBXBuildFile; fileRef = 6375B0A92C78D67E00458DD0 /* AuthLoginTests.swift */; };
		6375B0B42C78D67E00458DD0 /* AuthLoginUITests.swift in Sources */ = {isa = PBXBuildFile; fileRef = 6375B0B32C78D67E00458DD0 /* AuthLoginUITests.swift */; };
		6375B0B62C78D67E00458DD0 /* AuthLoginUITestsLaunchTests.swift in Sources */ = {isa = PBXBuildFile; fileRef = 6375B0B52C78D67E00458DD0 /* AuthLoginUITestsLaunchTests.swift */; };
		6375B0C42C78D6B600458DD0 /* LoginView.swift in Sources */ = {isa = PBXBuildFile; fileRef = 6375B0C32C78D6B600458DD0 /* LoginView.swift */; };
		6375B0C72C78DD6C00458DD0 /* String.swift in Sources */ = {isa = PBXBuildFile; fileRef = 6375B0C62C78DD6C00458DD0 /* String.swift */; };
		6375B0C92C78E2E400458DD0 /* SignUpView.swift in Sources */ = {isa = PBXBuildFile; fileRef = 6375B0C82C78E2E400458DD0 /* SignUpView.swift */; };
/* End PBXBuildFile section */

/* Begin PBXContainerItemProxy section */
		6375B0A62C78D67E00458DD0 /* PBXContainerItemProxy */ = {
			isa = PBXContainerItemProxy;
			containerPortal = 6375B08D2C78D67D00458DD0 /* Project object */;
			proxyType = 1;
			remoteGlobalIDString = 6375B0942C78D67D00458DD0;
			remoteInfo = AuthLogin;
		};
		6375B0B02C78D67E00458DD0 /* PBXContainerItemProxy */ = {
			isa = PBXContainerItemProxy;
			containerPortal = 6375B08D2C78D67D00458DD0 /* Project object */;
			proxyType = 1;
			remoteGlobalIDString = 6375B0942C78D67D00458DD0;
			remoteInfo = AuthLogin;
		};
/* End PBXContainerItemProxy section */

/* Begin PBXFileReference section */
		6375B0952C78D67D00458DD0 /* AuthLogin.app */ = {isa = PBXFileReference; explicitFileType = wrapper.application; includeInIndex = 0; path = AuthLogin.app; sourceTree = BUILT_PRODUCTS_DIR; };
		6375B0982C78D67D00458DD0 /* AuthLoginApp.swift */ = {isa = PBXFileReference; lastKnownFileType = sourcecode.swift; path = AuthLoginApp.swift; sourceTree = "<group>"; };
		6375B09A2C78D67D00458DD0 /* ContentView.swift */ = {isa = PBXFileReference; lastKnownFileType = sourcecode.swift; path = ContentView.swift; sourceTree = "<group>"; };
		6375B09C2C78D67E00458DD0 /* Assets.xcassets */ = {isa = PBXFileReference; lastKnownFileType = folder.assetcatalog; path = Assets.xcassets; sourceTree = "<group>"; };
		6375B09F2C78D67E00458DD0 /* Preview Assets.xcassets */ = {isa = PBXFileReference; lastKnownFileType = folder.assetcatalog; path = "Preview Assets.xcassets"; sourceTree = "<group>"; };
		6375B0A52C78D67E00458DD0 /* AuthLoginTests.xctest */ = {isa = PBXFileReference; explicitFileType = wrapper.cfbundle; includeInIndex = 0; path = AuthLoginTests.xctest; sourceTree = BUILT_PRODUCTS_DIR; };
		6375B0A92C78D67E00458DD0 /* AuthLoginTests.swift */ = {isa = PBXFileReference; lastKnownFileType = sourcecode.swift; path = AuthLoginTests.swift; sourceTree = "<group>"; };
		6375B0AF2C78D67E00458DD0 /* AuthLoginUITests.xctest */ = {isa = PBXFileReference; explicitFileType = wrapper.cfbundle; includeInIndex = 0; path = AuthLoginUITests.xctest; sourceTree = BUILT_PRODUCTS_DIR; };
		6375B0B32C78D67E00458DD0 /* AuthLoginUITests.swift */ = {isa = PBXFileReference; lastKnownFileType = sourcecode.swift; path = AuthLoginUITests.swift; sourceTree = "<group>"; };
		6375B0B52C78D67E00458DD0 /* AuthLoginUITestsLaunchTests.swift */ = {isa = PBXFileReference; lastKnownFileType = sourcecode.swift; path = AuthLoginUITestsLaunchTests.swift; sourceTree = "<group>"; };
		6375B0C32C78D6B600458DD0 /* LoginView.swift */ = {isa = PBXFileReference; lastKnownFileType = sourcecode.swift; path = LoginView.swift; sourceTree = "<group>"; };
		6375B0C62C78DD6C00458DD0 /* String.swift */ = {isa = PBXFileReference; lastKnownFileType = sourcecode.swift; path = String.swift; sourceTree = "<group>"; };
		6375B0C82C78E2E400458DD0 /* SignUpView.swift */ = {isa = PBXFileReference; lastKnownFileType = sourcecode.swift; path = SignUpView.swift; sourceTree = "<group>"; };
/* End PBXFileReference section */

/* Begin PBXFrameworksBuildPhase section */
		6375B0922C78D67D00458DD0 /* Frameworks */ = {
			isa = PBXFrameworksBuildPhase;
			buildActionMask = 2147483647;
			files = (
			);
			runOnlyForDeploymentPostprocessing = 0;
		};
		6375B0A22C78D67E00458DD0 /* Frameworks */ = {
			isa = PBXFrameworksBuildPhase;
			buildActionMask = 2147483647;
			files = (
			);
			runOnlyForDeploymentPostprocessing = 0;
		};
		6375B0AC2C78D67E00458DD0 /* Frameworks */ = {
			isa = PBXFrameworksBuildPhase;
			buildActionMask = 2147483647;
			files = (
			);
			runOnlyForDeploymentPostprocessing = 0;
		};
/* End PBXFrameworksBuildPhase section */

/* Begin PBXGroup section */
		6375B08C2C78D67D00458DD0 = {
			isa = PBXGroup;
			children = (
				6375B0972C78D67D00458DD0 /* AuthLogin */,
				6375B0A82C78D67E00458DD0 /* AuthLoginTests */,
				6375B0B22C78D67E00458DD0 /* AuthLoginUITests */,
				6375B0962C78D67D00458DD0 /* Products */,
			);
			sourceTree = "<group>";
		};
		6375B0962C78D67D00458DD0 /* Products */ = {
			isa = PBXGroup;
			children = (
				6375B0952C78D67D00458DD0 /* AuthLogin.app */,
				6375B0A52C78D67E00458DD0 /* AuthLoginTests.xctest */,
				6375B0AF2C78D67E00458DD0 /* AuthLoginUITests.xctest */,
			);
			name = Products;
			sourceTree = "<group>";
		};
		6375B0972C78D67D00458DD0 /* AuthLogin */ = {
			isa = PBXGroup;
			children = (
				6375B0C52C78DD5D00458DD0 /* Extension */,
				6375B0C22C78D6AA00458DD0 /* View */,
				6375B0982C78D67D00458DD0 /* AuthLoginApp.swift */,
				6375B09A2C78D67D00458DD0 /* ContentView.swift */,
				6375B09C2C78D67E00458DD0 /* Assets.xcassets */,
				6375B09E2C78D67E00458DD0 /* Preview Content */,
			);
			path = AuthLogin;
			sourceTree = "<group>";
		};
		6375B09E2C78D67E00458DD0 /* Preview Content */ = {
			isa = PBXGroup;
			children = (
				6375B09F2C78D67E00458DD0 /* Preview Assets.xcassets */,
			);
			path = "Preview Content";
			sourceTree = "<group>";
		};
		6375B0A82C78D67E00458DD0 /* AuthLoginTests */ = {
			isa = PBXGroup;
			children = (
				6375B0A92C78D67E00458DD0 /* AuthLoginTests.swift */,
			);
			path = AuthLoginTests;
			sourceTree = "<group>";
		};
		6375B0B22C78D67E00458DD0 /* AuthLoginUITests */ = {
			isa = PBXGroup;
			children = (
				6375B0B32C78D67E00458DD0 /* AuthLoginUITests.swift */,
				6375B0B52C78D67E00458DD0 /* AuthLoginUITestsLaunchTests.swift */,
			);
			path = AuthLoginUITests;
			sourceTree = "<group>";
		};
		6375B0C22C78D6AA00458DD0 /* View */ = {
			isa = PBXGroup;
			children = (
				6375B0C32C78D6B600458DD0 /* LoginView.swift */,
				6375B0C82C78E2E400458DD0 /* SignUpView.swift */,
			);
			path = View;
			sourceTree = "<group>";
		};
		6375B0C52C78DD5D00458DD0 /* Extension */ = {
			isa = PBXGroup;
			children = (
				6375B0C62C78DD6C00458DD0 /* String.swift */,
			);
			path = Extension;
			sourceTree = "<group>";
		};
/* End PBXGroup section */

/* Begin PBXNativeTarget section */
		6375B0942C78D67D00458DD0 /* AuthLogin */ = {
			isa = PBXNativeTarget;
			buildConfigurationList = 6375B0B92C78D67E00458DD0 /* Build configuration list for PBXNativeTarget "AuthLogin" */;
			buildPhases = (
				6375B0912C78D67D00458DD0 /* Sources */,
				6375B0922C78D67D00458DD0 /* Frameworks */,
				6375B0932C78D67D00458DD0 /* Resources */,
			);
			buildRules = (
			);
			dependencies = (
			);
			name = AuthLogin;
			productName = AuthLogin;
			productReference = 6375B0952C78D67D00458DD0 /* AuthLogin.app */;
			productType = "com.apple.product-type.application";
		};
		6375B0A42C78D67E00458DD0 /* AuthLoginTests */ = {
			isa = PBXNativeTarget;
			buildConfigurationList = 6375B0BC2C78D67E00458DD0 /* Build configuration list for PBXNativeTarget "AuthLoginTests" */;
			buildPhases = (
				6375B0A12C78D67E00458DD0 /* Sources */,
				6375B0A22C78D67E00458DD0 /* Frameworks */,
				6375B0A32C78D67E00458DD0 /* Resources */,
			);
			buildRules = (
			);
			dependencies = (
				6375B0A72C78D67E00458DD0 /* PBXTargetDependency */,
			);
			name = AuthLoginTests;
			productName = AuthLoginTests;
			productReference = 6375B0A52C78D67E00458DD0 /* AuthLoginTests.xctest */;
			productType = "com.apple.product-type.bundle.unit-test";
		};
		6375B0AE2C78D67E00458DD0 /* AuthLoginUITests */ = {
			isa = PBXNativeTarget;
			buildConfigurationList = 6375B0BF2C78D67E00458DD0 /* Build configuration list for PBXNativeTarget "AuthLoginUITests" */;
			buildPhases = (
				6375B0AB2C78D67E00458DD0 /* Sources */,
				6375B0AC2C78D67E00458DD0 /* Frameworks */,
				6375B0AD2C78D67E00458DD0 /* Resources */,
			);
			buildRules = (
			);
			dependencies = (
				6375B0B12C78D67E00458DD0 /* PBXTargetDependency */,
			);
			name = AuthLoginUITests;
			productName = AuthLoginUITests;
			productReference = 6375B0AF2C78D67E00458DD0 /* AuthLoginUITests.xctest */;
			productType = "com.apple.product-type.bundle.ui-testing";
		};
/* End PBXNativeTarget section */

/* Begin PBXProject section */
		6375B08D2C78D67D00458DD0 /* Project object */ = {
			isa = PBXProject;
			attributes = {
				BuildIndependentTargetsInParallel = 1;
				LastSwiftUpdateCheck = 1540;
				LastUpgradeCheck = 1540;
				TargetAttributes = {
					6375B0942C78D67D00458DD0 = {
						CreatedOnToolsVersion = 15.4;
					};
					6375B0A42C78D67E00458DD0 = {
						CreatedOnToolsVersion = 15.4;
						TestTargetID = 6375B0942C78D67D00458DD0;
					};
					6375B0AE2C78D67E00458DD0 = {
						CreatedOnToolsVersion = 15.4;
						TestTargetID = 6375B0942C78D67D00458DD0;
					};
				};
			};
			buildConfigurationList = 6375B0902C78D67D00458DD0 /* Build configuration list for PBXProject "AuthLogin" */;
			compatibilityVersion = "Xcode 14.0";
			developmentRegion = en;
			hasScannedForEncodings = 0;
			knownRegions = (
				en,
				Base,
			);
			mainGroup = 6375B08C2C78D67D00458DD0;
			productRefGroup = 6375B0962C78D67D00458DD0 /* Products */;
			projectDirPath = "";
			projectRoot = "";
			targets = (
				6375B0942C78D67D00458DD0 /* AuthLogin */,
				6375B0A42C78D67E00458DD0 /* AuthLoginTests */,
				6375B0AE2C78D67E00458DD0 /* AuthLoginUITests */,
			);
		};
/* End PBXProject section */

/* Begin PBXResourcesBuildPhase section */
		6375B0932C78D67D00458DD0 /* Resources */ = {
			isa = PBXResourcesBuildPhase;
			buildActionMask = 2147483647;
			files = (
				6375B0A02C78D67E00458DD0 /* Preview Assets.xcassets in Resources */,
				6375B09D2C78D67E00458DD0 /* Assets.xcassets in Resources */,
			);
			runOnlyForDeploymentPostprocessing = 0;
		};
		6375B0A32C78D67E00458DD0 /* Resources */ = {
			isa = PBXResourcesBuildPhase;
			buildActionMask = 2147483647;
			files = (
			);
			runOnlyForDeploymentPostprocessing = 0;
		};
		6375B0AD2C78D67E00458DD0 /* Resources */ = {
			isa = PBXResourcesBuildPhase;
			buildActionMask = 2147483647;
			files = (
			);
			runOnlyForDeploymentPostprocessing = 0;
		};
/* End PBXResourcesBuildPhase section */

/* Begin PBXSourcesBuildPhase section */
		6375B0912C78D67D00458DD0 /* Sources */ = {
			isa = PBXSourcesBuildPhase;
			buildActionMask = 2147483647;
			files = (
				6375B0C42C78D6B600458DD0 /* LoginView.swift in Sources */,
				6375B09B2C78D67D00458DD0 /* ContentView.swift in Sources */,
				6375B0C92C78E2E400458DD0 /* SignUpView.swift in Sources */,
				6375B0C72C78DD6C00458DD0 /* String.swift in Sources */,
				6375B0992C78D67D00458DD0 /* AuthLoginApp.swift in Sources */,
			);
			runOnlyForDeploymentPostprocessing = 0;
		};
		6375B0A12C78D67E00458DD0 /* Sources */ = {
			isa = PBXSourcesBuildPhase;
			buildActionMask = 2147483647;
			files = (
				6375B0AA2C78D67E00458DD0 /* AuthLoginTests.swift in Sources */,
			);
			runOnlyForDeploymentPostprocessing = 0;
		};
		6375B0AB2C78D67E00458DD0 /* Sources */ = {
			isa = PBXSourcesBuildPhase;
			buildActionMask = 2147483647;
			files = (
				6375B0B62C78D67E00458DD0 /* AuthLoginUITestsLaunchTests.swift in Sources */,
				6375B0B42C78D67E00458DD0 /* AuthLoginUITests.swift in Sources */,
			);
			runOnlyForDeploymentPostprocessing = 0;
		};
/* End PBXSourcesBuildPhase section */

/* Begin PBXTargetDependency section */
		6375B0A72C78D67E00458DD0 /* PBXTargetDependency */ = {
			isa = PBXTargetDependency;
			target = 6375B0942C78D67D00458DD0 /* AuthLogin */;
			targetProxy = 6375B0A62C78D67E00458DD0 /* PBXContainerItemProxy */;
		};
		6375B0B12C78D67E00458DD0 /* PBXTargetDependency */ = {
			isa = PBXTargetDependency;
			target = 6375B0942C78D67D00458DD0 /* AuthLogin */;
			targetProxy = 6375B0B02C78D67E00458DD0 /* PBXContainerItemProxy */;
		};
/* End PBXTargetDependency section */

/* Begin XCBuildConfiguration section */
		6375B0B72C78D67E00458DD0 /* Debug */ = {
			isa = XCBuildConfiguration;
			buildSettings = {
				ALWAYS_SEARCH_USER_PATHS = NO;
				ASSETCATALOG_COMPILER_GENERATE_SWIFT_ASSET_SYMBOL_EXTENSIONS = YES;
				CLANG_ANALYZER_NONNULL = YES;
				CLANG_ANALYZER_NUMBER_OBJECT_CONVERSION = YES_AGGRESSIVE;
				CLANG_CXX_LANGUAGE_STANDARD = "gnu++20";
				CLANG_ENABLE_MODULES = YES;
				CLANG_ENABLE_OBJC_ARC = YES;
				CLANG_ENABLE_OBJC_WEAK = YES;
				CLANG_WARN_BLOCK_CAPTURE_AUTORELEASING = YES;
				CLANG_WARN_BOOL_CONVERSION = YES;
				CLANG_WARN_COMMA = YES;
				CLANG_WARN_CONSTANT_CONVERSION = YES;
				CLANG_WARN_DEPRECATED_OBJC_IMPLEMENTATIONS = YES;
				CLANG_WARN_DIRECT_OBJC_ISA_USAGE = YES_ERROR;
				CLANG_WARN_DOCUMENTATION_COMMENTS = YES;
				CLANG_WARN_EMPTY_BODY = YES;
				CLANG_WARN_ENUM_CONVERSION = YES;
				CLANG_WARN_INFINITE_RECURSION = YES;
				CLANG_WARN_INT_CONVERSION = YES;
				CLANG_WARN_NON_LITERAL_NULL_CONVERSION = YES;
				CLANG_WARN_OBJC_IMPLICIT_RETAIN_SELF = YES;
				CLANG_WARN_OBJC_LITERAL_CONVERSION = YES;
				CLANG_WARN_OBJC_ROOT_CLASS = YES_ERROR;
				CLANG_WARN_QUOTED_INCLUDE_IN_FRAMEWORK_HEADER = YES;
				CLANG_WARN_RANGE_LOOP_ANALYSIS = YES;
				CLANG_WARN_STRICT_PROTOTYPES = YES;
				CLANG_WARN_SUSPICIOUS_MOVE = YES;
				CLANG_WARN_UNGUARDED_AVAILABILITY = YES_AGGRESSIVE;
				CLANG_WARN_UNREACHABLE_CODE = YES;
				CLANG_WARN__DUPLICATE_METHOD_MATCH = YES;
				COPY_PHASE_STRIP = NO;
				DEBUG_INFORMATION_FORMAT = dwarf;
				ENABLE_STRICT_OBJC_MSGSEND = YES;
				ENABLE_TESTABILITY = YES;
				ENABLE_USER_SCRIPT_SANDBOXING = YES;
				GCC_C_LANGUAGE_STANDARD = gnu17;
				GCC_DYNAMIC_NO_PIC = NO;
				GCC_NO_COMMON_BLOCKS = YES;
				GCC_OPTIMIZATION_LEVEL = 0;
				GCC_PREPROCESSOR_DEFINITIONS = (
					"DEBUG=1",
					"$(inherited)",
				);
				GCC_WARN_64_TO_32_BIT_CONVERSION = YES;
				GCC_WARN_ABOUT_RETURN_TYPE = YES_ERROR;
				GCC_WARN_UNDECLARED_SELECTOR = YES;
				GCC_WARN_UNINITIALIZED_AUTOS = YES_AGGRESSIVE;
				GCC_WARN_UNUSED_FUNCTION = YES;
				GCC_WARN_UNUSED_VARIABLE = YES;
				IPHONEOS_DEPLOYMENT_TARGET = 17.5;
				LOCALIZATION_PREFERS_STRING_CATALOGS = YES;
				MTL_ENABLE_DEBUG_INFO = INCLUDE_SOURCE;
				MTL_FAST_MATH = YES;
				ONLY_ACTIVE_ARCH = YES;
				SDKROOT = iphoneos;
				SWIFT_ACTIVE_COMPILATION_CONDITIONS = "DEBUG $(inherited)";
				SWIFT_OPTIMIZATION_LEVEL = "-Onone";
			};
			name = Debug;
		};
		6375B0B82C78D67E00458DD0 /* Release */ = {
			isa = XCBuildConfiguration;
			buildSettings = {
				ALWAYS_SEARCH_USER_PATHS = NO;
				ASSETCATALOG_COMPILER_GENERATE_SWIFT_ASSET_SYMBOL_EXTENSIONS = YES;
				CLANG_ANALYZER_NONNULL = YES;
				CLANG_ANALYZER_NUMBER_OBJECT_CONVERSION = YES_AGGRESSIVE;
				CLANG_CXX_LANGUAGE_STANDARD = "gnu++20";
				CLANG_ENABLE_MODULES = YES;
				CLANG_ENABLE_OBJC_ARC = YES;
				CLANG_ENABLE_OBJC_WEAK = YES;
				CLANG_WARN_BLOCK_CAPTURE_AUTORELEASING = YES;
				CLANG_WARN_BOOL_CONVERSION = YES;
				CLANG_WARN_COMMA = YES;
				CLANG_WARN_CONSTANT_CONVERSION = YES;
				CLANG_WARN_DEPRECATED_OBJC_IMPLEMENTATIONS = YES;
				CLANG_WARN_DIRECT_OBJC_ISA_USAGE = YES_ERROR;
				CLANG_WARN_DOCUMENTATION_COMMENTS = YES;
				CLANG_WARN_EMPTY_BODY = YES;
				CLANG_WARN_ENUM_CONVERSION = YES;
				CLANG_WARN_INFINITE_RECURSION = YES;
				CLANG_WARN_INT_CONVERSION = YES;
				CLANG_WARN_NON_LITERAL_NULL_CONVERSION = YES;
				CLANG_WARN_OBJC_IMPLICIT_RETAIN_SELF = YES;
				CLANG_WARN_OBJC_LITERAL_CONVERSION = YES;
				CLANG_WARN_OBJC_ROOT_CLASS = YES_ERROR;
				CLANG_WARN_QUOTED_INCLUDE_IN_FRAMEWORK_HEADER = YES;
				CLANG_WARN_RANGE_LOOP_ANALYSIS = YES;
				CLANG_WARN_STRICT_PROTOTYPES = YES;
				CLANG_WARN_SUSPICIOUS_MOVE = YES;
				CLANG_WARN_UNGUARDED_AVAILABILITY = YES_AGGRESSIVE;
				CLANG_WARN_UNREACHABLE_CODE = YES;
				CLANG_WARN__DUPLICATE_METHOD_MATCH = YES;
				COPY_PHASE_STRIP = NO;
				DEBUG_INFORMATION_FORMAT = "dwarf-with-dsym";
				ENABLE_NS_ASSERTIONS = NO;
				ENABLE_STRICT_OBJC_MSGSEND = YES;
				ENABLE_USER_SCRIPT_SANDBOXING = YES;
				GCC_C_LANGUAGE_STANDARD = gnu17;
				GCC_NO_COMMON_BLOCKS = YES;
				GCC_WARN_64_TO_32_BIT_CONVERSION = YES;
				GCC_WARN_ABOUT_RETURN_TYPE = YES_ERROR;
				GCC_WARN_UNDECLARED_SELECTOR = YES;
				GCC_WARN_UNINITIALIZED_AUTOS = YES_AGGRESSIVE;
				GCC_WARN_UNUSED_FUNCTION = YES;
				GCC_WARN_UNUSED_VARIABLE = YES;
				IPHONEOS_DEPLOYMENT_TARGET = 17.5;
				LOCALIZATION_PREFERS_STRING_CATALOGS = YES;
				MTL_ENABLE_DEBUG_INFO = NO;
				MTL_FAST_MATH = YES;
				SDKROOT = iphoneos;
				SWIFT_COMPILATION_MODE = wholemodule;
				VALIDATE_PRODUCT = YES;
			};
			name = Release;
		};
		6375B0BA2C78D67E00458DD0 /* Debug */ = {
			isa = XCBuildConfiguration;
			buildSettings = {
				ASSETCATALOG_COMPILER_APPICON_NAME = AppIcon;
				ASSETCATALOG_COMPILER_GLOBAL_ACCENT_COLOR_NAME = AccentColor;
				CODE_SIGN_STYLE = Automatic;
				CURRENT_PROJECT_VERSION = 1;
				DEVELOPMENT_ASSET_PATHS = "\"AuthLogin/Preview Content\"";
				ENABLE_PREVIEWS = YES;
				GENERATE_INFOPLIST_FILE = YES;
				INFOPLIST_KEY_UIApplicationSceneManifest_Generation = YES;
				INFOPLIST_KEY_UIApplicationSupportsIndirectInputEvents = YES;
				INFOPLIST_KEY_UILaunchScreen_Generation = YES;
				INFOPLIST_KEY_UISupportedInterfaceOrientations_iPad = "UIInterfaceOrientationPortrait UIInterfaceOrientationPortraitUpsideDown UIInterfaceOrientationLandscapeLeft UIInterfaceOrientationLandscapeRight";
				INFOPLIST_KEY_UISupportedInterfaceOrientations_iPhone = "UIInterfaceOrientationPortrait UIInterfaceOrientationLandscapeLeft UIInterfaceOrientationLandscapeRight";
				LD_RUNPATH_SEARCH_PATHS = (
					"$(inherited)",
					"@executable_path/Frameworks",
				);
				MARKETING_VERSION = 1.0;
				PRODUCT_BUNDLE_IDENTIFIER = SkillWaveAcademy.AuthLogin;
				PRODUCT_NAME = "$(TARGET_NAME)";
				SWIFT_EMIT_LOC_STRINGS = YES;
				SWIFT_VERSION = 5.0;
				TARGETED_DEVICE_FAMILY = "1,2";
			};
			name = Debug;
		};
		6375B0BB2C78D67E00458DD0 /* Release */ = {
			isa = XCBuildConfiguration;
			buildSettings = {
				ASSETCATALOG_COMPILER_APPICON_NAME = AppIcon;
				ASSETCATALOG_COMPILER_GLOBAL_ACCENT_COLOR_NAME = AccentColor;
				CODE_SIGN_STYLE = Automatic;
				CURRENT_PROJECT_VERSION = 1;
				DEVELOPMENT_ASSET_PATHS = "\"AuthLogin/Preview Content\"";
				ENABLE_PREVIEWS = YES;
				GENERATE_INFOPLIST_FILE = YES;
				INFOPLIST_KEY_UIApplicationSceneManifest_Generation = YES;
				INFOPLIST_KEY_UIApplicationSupportsIndirectInputEvents = YES;
				INFOPLIST_KEY_UILaunchScreen_Generation = YES;
				INFOPLIST_KEY_UISupportedInterfaceOrientations_iPad = "UIInterfaceOrientationPortrait UIInterfaceOrientationPortraitUpsideDown UIInterfaceOrientationLandscapeLeft UIInterfaceOrientationLandscapeRight";
				INFOPLIST_KEY_UISupportedInterfaceOrientations_iPhone = "UIInterfaceOrientationPortrait UIInterfaceOrientationLandscapeLeft UIInterfaceOrientationLandscapeRight";
				LD_RUNPATH_SEARCH_PATHS = (
					"$(inherited)",
					"@executable_path/Frameworks",
				);
				MARKETING_VERSION = 1.0;
				PRODUCT_BUNDLE_IDENTIFIER = SkillWaveAcademy.AuthLogin;
				PRODUCT_NAME = "$(TARGET_NAME)";
				SWIFT_EMIT_LOC_STRINGS = YES;
				SWIFT_VERSION = 5.0;
				TARGETED_DEVICE_FAMILY = "1,2";
			};
			name = Release;
		};
		6375B0BD2C78D67E00458DD0 /* Debug */ = {
			isa = XCBuildConfiguration;
			buildSettings = {
				ALWAYS_EMBED_SWIFT_STANDARD_LIBRARIES = YES;
				BUNDLE_LOADER = "$(TEST_HOST)";
				CODE_SIGN_STYLE = Automatic;
				CURRENT_PROJECT_VERSION = 1;
				GENERATE_INFOPLIST_FILE = YES;
				IPHONEOS_DEPLOYMENT_TARGET = 17.5;
				MARKETING_VERSION = 1.0;
				PRODUCT_BUNDLE_IDENTIFIER = SkillWaveAcademy.AuthLoginTests;
				PRODUCT_NAME = "$(TARGET_NAME)";
				SWIFT_EMIT_LOC_STRINGS = NO;
				SWIFT_VERSION = 5.0;
				TARGETED_DEVICE_FAMILY = "1,2";
				TEST_HOST = "$(BUILT_PRODUCTS_DIR)/AuthLogin.app/$(BUNDLE_EXECUTABLE_FOLDER_PATH)/AuthLogin";
			};
			name = Debug;
		};
		6375B0BE2C78D67E00458DD0 /* Release */ = {
			isa = XCBuildConfiguration;
			buildSettings = {
				ALWAYS_EMBED_SWIFT_STANDARD_LIBRARIES = YES;
				BUNDLE_LOADER = "$(TEST_HOST)";
				CODE_SIGN_STYLE = Automatic;
				CURRENT_PROJECT_VERSION = 1;
				GENERATE_INFOPLIST_FILE = YES;
				IPHONEOS_DEPLOYMENT_TARGET = 17.5;
				MARKETING_VERSION = 1.0;
				PRODUCT_BUNDLE_IDENTIFIER = SkillWaveAcademy.AuthLoginTests;
				PRODUCT_NAME = "$(TARGET_NAME)";
				SWIFT_EMIT_LOC_STRINGS = NO;
				SWIFT_VERSION = 5.0;
				TARGETED_DEVICE_FAMILY = "1,2";
				TEST_HOST = "$(BUILT_PRODUCTS_DIR)/AuthLogin.app/$(BUNDLE_EXECUTABLE_FOLDER_PATH)/AuthLogin";
			};
			name = Release;
		};
		6375B0C02C78D67E00458DD0 /* Debug */ = {
			isa = XCBuildConfiguration;
			buildSettings = {
				ALWAYS_EMBED_SWIFT_STANDARD_LIBRARIES = YES;
				CODE_SIGN_STYLE = Automatic;
				CURRENT_PROJECT_VERSION = 1;
				GENERATE_INFOPLIST_FILE = YES;
				MARKETING_VERSION = 1.0;
				PRODUCT_BUNDLE_IDENTIFIER = SkillWaveAcademy.AuthLoginUITests;
				PRODUCT_NAME = "$(TARGET_NAME)";
				SWIFT_EMIT_LOC_STRINGS = NO;
				SWIFT_VERSION = 5.0;
				TARGETED_DEVICE_FAMILY = "1,2";
				TEST_TARGET_NAME = AuthLogin;
			};
			name = Debug;
		};
		6375B0C12C78D67E00458DD0 /* Release */ = {
			isa = XCBuildConfiguration;
			buildSettings = {
				ALWAYS_EMBED_SWIFT_STANDARD_LIBRARIES = YES;
				CODE_SIGN_STYLE = Automatic;
				CURRENT_PROJECT_VERSION = 1;
				GENERATE_INFOPLIST_FILE = YES;
				MARKETING_VERSION = 1.0;
				PRODUCT_BUNDLE_IDENTIFIER = SkillWaveAcademy.AuthLoginUITests;
				PRODUCT_NAME = "$(TARGET_NAME)";
				SWIFT_EMIT_LOC_STRINGS = NO;
				SWIFT_VERSION = 5.0;
				TARGETED_DEVICE_FAMILY = "1,2";
				TEST_TARGET_NAME = AuthLogin;
			};
			name = Release;
		};
/* End XCBuildConfiguration section */

/* Begin XCConfigurationList section */
		6375B0902C78D67D00458DD0 /* Build configuration list for PBXProject "AuthLogin" */ = {
			isa = XCConfigurationList;
			buildConfigurations = (
				6375B0B72C78D67E00458DD0 /* Debug */,
				6375B0B82C78D67E00458DD0 /* Release */,
			);
			defaultConfigurationIsVisible = 0;
			defaultConfigurationName = Release;
		};
		6375B0B92C78D67E00458DD0 /* Build configuration list for PBXNativeTarget "AuthLogin" */ = {
			isa = XCConfigurationList;
			buildConfigurations = (
				6375B0BA2C78D67E00458DD0 /* Debug */,
				6375B0BB2C78D67E00458DD0 /* Release */,
			);
			defaultConfigurationIsVisible = 0;
			defaultConfigurationName = Release;
		};
		6375B0BC2C78D67E00458DD0 /* Build configuration list for PBXNativeTarget "AuthLoginTests" */ = {
			isa = XCConfigurationList;
			buildConfigurations = (
				6375B0BD2C78D67E00458DD0 /* Debug */,
				6375B0BE2C78D67E00458DD0 /* Release */,
			);
			defaultConfigurationIsVisible = 0;
			defaultConfigurationName = Release;
		};
		6375B0BF2C78D67E00458DD0 /* Build configuration list for PBXNativeTarget "AuthLoginUITests" */ = {
			isa = XCConfigurationList;
			buildConfigurations = (
				6375B0C02C78D67E00458DD0 /* Debug */,
				6375B0C12C78D67E00458DD0 /* Release */,
			);
			defaultConfigurationIsVisible = 0;
			defaultConfigurationName = Release;
		};
/* End XCConfigurationList section */
	};
	rootObject = 6375B08D2C78D67D00458DD0 /* Project object */;
}
